# THIS IS AN AUTOGENERATED FILE. DO NOT EDIT THIS FILE DIRECTLY.
# yarn lockfile v1


"edge-cs@1.2.1":
  "integrity" "sha512-N5KAeMBhhCbCGmb5oiHJ0KcuTksZzo8lg+uByEUCZAdnLPHizHkk6ZIuuTD63eez7+W25ZSvsGS5+FtymxFoKw=="
  "resolved" "https://registry.npmjs.org/edge-cs/-/edge-cs-1.2.1.tgz"
  "version" "1.2.1"

"edge-js@^19.3.0":
  "integrity" "sha512-wp01bWIhGDH0+cduOEToJxbJBaklGe7pRlIPdEKaaeIn/8QdN3OyRGFMM+Gk/zKTUrFCK+nlu+qTKuOQnIyOVg=="
  "resolved" "https://registry.npmjs.org/edge-js/-/edge-js-19.3.0.tgz"
  "version" "19.3.0"
  dependencies:
    "edge-cs" "1.2.1"
    "nan" "^2.17.0"

"electron-edge-js@^22.0.1":
  "integrity" "sha512-IndsQPVpeICKJV4PLmz+k241VVNaxJQWSvHcPqTzlWPfe8K6A7KrQn6PzYx5Zu4smv0KHUNAYeO4jnzp+FwzMw=="
  "resolved" "https://registry.npmjs.org/electron-edge-js/-/electron-edge-js-22.0.1.tgz"
  "version" "22.0.1"
  dependencies:
    "edge-cs" "1.2.1"
    "nan" "^2.17.0"

"nan@^2.17.0":
  "integrity" "sha512-2ZTgtl0nJsO0KQCjEpxcIr5D+Yv90plTitZt9JBfQvVJDS5seMl3FOvsh3+9CoYWXf/1l5OaZzzF6nDm4cagaQ=="
  "resolved" "https://registry.npmjs.org/nan/-/nan-2.17.0.tgz"
  "version" "2.17.0"
